
Microsoft Visual Studio Solution File, Format Version 12.00
# Visual Studio Version 17
VisualStudioVersion = 17.3.32825.248
MinimumVisualStudioVersion = 10.0.40219.1
Project("{FAE04EC0-301F-11D3-BF4B-00C04F79EFBC}") = "Conservatoire C", "Conservatoire C\Conservatoire C.csproj", "{C9B01DDC-98A2-4CC7-8EC3-9535CE5A9A67}"
EndProject
Global
	GlobalSection(SolutionConfigurationPlatforms) = preSolution
		Debug|Any CPU = Debug|Any CPU
		Release|Any CPU = Release|Any CPU
	EndGlobalSection
	GlobalSection(ProjectConfigurationPlatforms) = postSolution
		{C9B01DDC-98A2-4CC7-8EC3-9535CE5A9A67}.Debug|Any CPU.ActiveCfg = Debug|Any CPU
		{C9B01DDC-98A2-4CC7-8EC3-9535CE5A9A67}.Debug|Any CPU.Build.0 = Debug|Any CPU
		{C9B01DDC-98A2-4CC7-8EC3-9535CE5A9A67}.Release|Any CPU.ActiveCfg = Release|Any CPU
		{C9B01DDC-98A2-4CC7-8EC3-9535CE5A9A67}.Release|Any CPU.Build.0 = Release|Any CPU
	EndGlobalSection
	GlobalSection(SolutionProperties) = preSolution
		HideSolutionNode = FALSE
	EndGlobalSection
	GlobalSection(ExtensibilityGlobals) = postSolution
		SolutionGuid = {96FEC7DA-069B-4003-A1E3-DEC5D5CA7414}
	EndGlobalSection
EndGlobal
